
Microsoft Visual Studio Solution File, Format Version 12.00
# Visual Studio Version 16
VisualStudioVersion = 16.0.29009.5
MinimumVisualStudioVersion = 10.0.40219.1
Project("{FAE04EC0-301F-11D3-BF4B-00C04F79EFBC}") = "UDEOExceptionless", "UDEOExceptionless\UDEOExceptionless.csproj", "{17707759-C96B-458B-B89B-A04440E40994}"
EndProject
Project("{FAE04EC0-301F-11D3-BF4B-00C04F79EFBC}") = "Entidades", "Entidades\Entidades.csproj", "{A63CB9DF-3CC7-4EB1-80BC-7D16154542FE}"
EndProject
Project("{FAE04EC0-301F-11D3-BF4B-00C04F79EFBC}") = "Interfaces", "Interfaces\Interfaces.csproj", "{DC5ABF9E-0419-4E25-97A9-B09E1651B123}"
EndProject
Project("{FAE04EC0-301F-11D3-BF4B-00C04F79EFBC}") = "Datos", "Datos\Datos.csproj", "{F521EB8C-3550-4D1C-BE84-6BFE80494E08}"
EndProject
Project("{FAE04EC0-301F-11D3-BF4B-00C04F79EFBC}") = "Servicios", "Servicios\Servicios.csproj", "{708CB8EA-2966-4AC9-96DA-3EDF090E340D}"
EndProject
Global
	GlobalSection(SolutionConfigurationPlatforms) = preSolution
		Debug|Any CPU = Debug|Any CPU
		Release|Any CPU = Release|Any CPU
	EndGlobalSection
	GlobalSection(ProjectConfigurationPlatforms) = postSolution
		{17707759-C96B-458B-B89B-A04440E40994}.Debug|Any CPU.ActiveCfg = Debug|Any CPU
		{17707759-C96B-458B-B89B-A04440E40994}.Debug|Any CPU.Build.0 = Debug|Any CPU
		{17707759-C96B-458B-B89B-A04440E40994}.Release|Any CPU.ActiveCfg = Release|Any CPU
		{17707759-C96B-458B-B89B-A04440E40994}.Release|Any CPU.Build.0 = Release|Any CPU
		{A63CB9DF-3CC7-4EB1-80BC-7D16154542FE}.Debug|Any CPU.ActiveCfg = Debug|Any CPU
		{A63CB9DF-3CC7-4EB1-80BC-7D16154542FE}.Debug|Any CPU.Build.0 = Debug|Any CPU
		{A63CB9DF-3CC7-4EB1-80BC-7D16154542FE}.Release|Any CPU.ActiveCfg = Release|Any CPU
		{A63CB9DF-3CC7-4EB1-80BC-7D16154542FE}.Release|Any CPU.Build.0 = Release|Any CPU
		{DC5ABF9E-0419-4E25-97A9-B09E1651B123}.Debug|Any CPU.ActiveCfg = Debug|Any CPU
		{DC5ABF9E-0419-4E25-97A9-B09E1651B123}.Debug|Any CPU.Build.0 = Debug|Any CPU
		{DC5ABF9E-0419-4E25-97A9-B09E1651B123}.Release|Any CPU.ActiveCfg = Release|Any CPU
		{DC5ABF9E-0419-4E25-97A9-B09E1651B123}.Release|Any CPU.Build.0 = Release|Any CPU
		{F521EB8C-3550-4D1C-BE84-6BFE80494E08}.Debug|Any CPU.ActiveCfg = Debug|Any CPU
		{F521EB8C-3550-4D1C-BE84-6BFE80494E08}.Debug|Any CPU.Build.0 = Debug|Any CPU
		{F521EB8C-3550-4D1C-BE84-6BFE80494E08}.Release|Any CPU.ActiveCfg = Release|Any CPU
		{F521EB8C-3550-4D1C-BE84-6BFE80494E08}.Release|Any CPU.Build.0 = Release|Any CPU
		{708CB8EA-2966-4AC9-96DA-3EDF090E340D}.Debug|Any CPU.ActiveCfg = Debug|Any CPU
		{708CB8EA-2966-4AC9-96DA-3EDF090E340D}.Debug|Any CPU.Build.0 = Debug|Any CPU
		{708CB8EA-2966-4AC9-96DA-3EDF090E340D}.Release|Any CPU.ActiveCfg = Release|Any CPU
		{708CB8EA-2966-4AC9-96DA-3EDF090E340D}.Release|Any CPU.Build.0 = Release|Any CPU
	EndGlobalSection
	GlobalSection(SolutionProperties) = preSolution
		HideSolutionNode = FALSE
	EndGlobalSection
	GlobalSection(ExtensibilityGlobals) = postSolution
		SolutionGuid = {B159C97F-F776-4F53-99AD-333A2456293B}
	EndGlobalSection
EndGlobal
